# Tested environment, Python 3.11+. Includes runtime and development tools.
# Install with: pip install -r requirements.lock -e .
boto3==1.43.95
botocore==1.43.95
iniconfig==2.3.0
jmespath==1.1.0
packaging==26.3
pluggy==1.6.0
Pygments==2.21.0
pytest==9.1.1
python-dateutil==2.9.0.post0
ruff==0.16.7
s3transfer==0.19.2
six==1.17.0
urllib3==2.8.0
keyring==25.7.0; sys_platform == 'darwin'
jaraco.classes==3.4.0; sys_platform == 'darwin'
jaraco.context==6.1.2; sys_platform == 'darwin'
jaraco.functools==4.6.0; sys_platform == 'darwin'
more-itertools==11.1.0; sys_platform == 'darwin'
backports.tarfile==1.2.0; sys_platform == 'darwin' and python_version < '3.12'
importlib_metadata==9.0.1; sys_platform == 'darwin' and python_version < '3.12'
zipp==4.1.0; sys_platform == 'darwin' and python_version < '3.12'
